
Microsoft Visual Studio Solution File, Format Version 12.00
Project("{FAE04EC0-301F-11D3-BF4B-00C04F79EFBC}") = "ReproducePostgresIssue", "ReproducePostgresIssue\ReproducePostgresIssue.csproj", "{CA8442B0-A593-4B13-9024-8CDFF85580BD}"
EndProject
Global
	GlobalSection(SolutionConfigurationPlatforms) = preSolution
		Debug|Any CPU = Debug|Any CPU
		Release|Any CPU = Release|Any CPU
	EndGlobalSection
	GlobalSection(ProjectConfigurationPlatforms) = postSolution
		{CA8442B0-A593-4B13-9024-8CDFF85580BD}.Debug|Any CPU.ActiveCfg = Debug|Any CPU
		{CA8442B0-A593-4B13-9024-8CDFF85580BD}.Debug|Any CPU.Build.0 = Debug|Any CPU
		{CA8442B0-A593-4B13-9024-8CDFF85580BD}.Release|Any CPU.ActiveCfg = Release|Any CPU
		{CA8442B0-A593-4B13-9024-8CDFF85580BD}.Release|Any CPU.Build.0 = Release|Any CPU
	EndGlobalSection
EndGlobal
